PODS:
  - Flutter (1.0.0)
  - flutter_blue_plus_darwin (0.0.2):
    - Flutter
    - FlutterMacOS
  - flutter_foreground_task (0.0.1):
    - Flutter
  - flutter_local_notifications (0.0.1):
    - Flutter
  - mobile_scanner (7.0.0):
    - Flutter
    - FlutterMacOS
  - package_info_plus (0.4.5):
    - Flutter
  - share_plus (0.0.1):
    - Flutter
  - shared_preferences_foundation (0.0.1):
    - Flutter
    - FlutterMacOS
  - sqflite_darwin (0.0.4):
    - Flutter
    - FlutterMacOS
  - url_launcher_ios (0.0.1):
    - Flutter

DEPENDENCIES:
  - Flutter (from `Flutter`)
  - flutter_blue_plus_darwin (from `.symlinks/plugins/flutter_blue_plus_darwin/darwin`)
  - flutter_foreground_task (from `.symlinks/plugins/flutter_foreground_task/ios`)
  - flutter_local_notifications (from `.symlinks/plugins/flutter_local_notifications/ios`)
  - mobile_scanner (from `.symlinks/plugins/mobile_scanner/darwin`)
  - package_info_plus (from `.symlinks/plugins/package_info_plus/ios`)
  - share_plus (from `.symlinks/plugins/share_plus/ios`)
  - shared_preferences_foundation (from `.symlinks/plugins/shared_preferences_foundation/darwin`)
  - sqflite_darwin (from `.symlinks/plugins/sqflite_darwin/darwin`)
  - url_launcher_ios (from `.symlinks/plugins/url_launcher_ios/ios`)

EXTERNAL SOURCES:
  Flutter:
    :path: Flutter
  flutter_blue_plus_darwin:
    :path: ".symlinks/plugins/flutter_blue_plus_darwin/darwin"
  flutter_foreground_task:
    :path: ".symlinks/plugins/flutter_foreground_task/ios"
  flutter_local_notifications:
    :path: ".symlinks/plugins/flutter_local_notifications/ios"
  mobile_scanner:
    :path: ".symlinks/plugins/mobile_scanner/darwin"
  package_info_plus:
    :path: ".symlinks/plugins/package_info_plus/ios"
  share_plus:
    :path: ".symlinks/plugins/share_plus/ios"
  shared_preferences_foundation:
    :path: ".symlinks/plugins/shared_preferences_foundation/darwin"
  sqflite_darwin:
    :path: ".symlinks/plugins/sqflite_darwin/darwin"
  url_launcher_ios:
    :path: ".symlinks/plugins/url_launcher_ios/ios"

SPEC CHECKSUMS:
  Flutter: cabc95a1d2626b1b06e7179b784ebcf0c0cde467
  flutter_blue_plus_darwin: 20a08bfeaa0f7804d524858d3d8744bcc1b6dbc3
  flutter_foreground_task: a159d2c2173b33699ddb3e6c2a067045d7cebb89
  flutter_local_notifications: a5a732f069baa862e728d839dd2ebb904737effb
  mobile_scanner: 9157936403f5a0644ca3779a38ff8404c5434a93
  package_info_plus: af8e2ca6888548050f16fa2f1938db7b5a5df499
  share_plus: 50da8cb520a8f0f65671c6c6a99b3617ed10a58a
  shared_preferences_foundation: 7036424c3d8ec98dfe75ff1667cb0cd531ec82bb
  sqflite_darwin: 20b2a3a3b70e43edae938624ce550a3cbf66a3d0
  url_launcher_ios: 7a95fa5b60cc718a708b8f2966718e93db0cef1b

PODFILE CHECKSUM: e42b502c78c33aa1ed9d42eaea8960ce2139504b

COCOAPODS: 1.16.2
